
Microsoft Visual Studio Solution File, Format Version 12.00
# Visual Studio Version 17
VisualStudioVersion = 17.10.35013.160
MinimumVisualStudioVersion = 10.0.40219.1
Project("{888888A0-9F3D-457C-B088-3A5042F75D52}") = "knesset_data", "knesset_data.pyproj", "{F5E68E41-2296-410D-A43B-357679BFF023}"
EndProject
Global
	GlobalSection(SolutionConfigurationPlatforms) = preSolution
		Debug|Any CPU = Debug|Any CPU
		Release|Any CPU = Release|Any CPU
	EndGlobalSection
	GlobalSection(ProjectConfigurationPlatforms) = postSolution
		{F5E68E41-2296-410D-A43B-357679BFF023}.Debug|Any CPU.ActiveCfg = Debug|Any CPU
		{F5E68E41-2296-410D-A43B-357679BFF023}.Release|Any CPU.ActiveCfg = Release|Any CPU
	EndGlobalSection
	GlobalSection(SolutionProperties) = preSolution
		HideSolutionNode = FALSE
	EndGlobalSection
	GlobalSection(ExtensibilityGlobals) = postSolution
		SolutionGuid = {D3879D83-8698-4E4A-8BB3-2D29B636FA76}
	EndGlobalSection
EndGlobal
